
Microsoft Visual Studio Solution File, Format Version 12.00
# Visual Studio Version 17
VisualStudioVersion = 17.5.33424.131
MinimumVisualStudioVersion = 10.0.40219.1
Project("{FAE04EC0-301F-11D3-BF4B-00C04F79EFBC}") = "RandomNumberOccurances", "RandomNumberOccurances\RandomNumberOccurances.csproj", "{AC527125-D032-4BD4-8C29-10CA20EBE51A}"
EndProject
Global
	GlobalSection(SolutionConfigurationPlatforms) = preSolution
		Debug|Any CPU = Debug|Any CPU
		Release|Any CPU = Release|Any CPU
	EndGlobalSection
	GlobalSection(ProjectConfigurationPlatforms) = postSolution
		{AC527125-D032-4BD4-8C29-10CA20EBE51A}.Debug|Any CPU.ActiveCfg = Debug|Any CPU
		{AC527125-D032-4BD4-8C29-10CA20EBE51A}.Debug|Any CPU.Build.0 = Debug|Any CPU
		{AC527125-D032-4BD4-8C29-10CA20EBE51A}.Release|Any CPU.ActiveCfg = Release|Any CPU
		{AC527125-D032-4BD4-8C29-10CA20EBE51A}.Release|Any CPU.Build.0 = Release|Any CPU
	EndGlobalSection
	GlobalSection(SolutionProperties) = preSolution
		HideSolutionNode = FALSE
	EndGlobalSection
	GlobalSection(ExtensibilityGlobals) = postSolution
		SolutionGuid = {FE37599E-C747-40A6-99C6-9FF1B36AB249}
	EndGlobalSection
EndGlobal
